// !$*UTF8*$!
{
	archiveVersion = 1;
	classes = {
	};
	objectVersion = 56;
	objects = {

/* Begin PBXBuildFile section */
		FB1DC4BC2CE5139800D47AF6 /* Respuesta.swift in Sources */ = {isa = PBXBuildFile; fileRef = FB1DC4BB2CE5139800D47AF6 /* Respuesta.swift */; };
		FBF853E22CE267A60063FBC3 /* AppDelegate.swift in Sources */ = {isa = PBXBuildFile; fileRef = FBF853E12CE267A60063FBC3 /* AppDelegate.swift */; };
		FBF853E42CE267A60063FBC3 /* SceneDelegate.swift in Sources */ = {isa = PBXBuildFile; fileRef = FBF853E32CE267A60063FBC3 /* SceneDelegate.swift */; };
		FBF853E62CE267A60063FBC3 /* ViewController.swift in Sources */ = {isa = PBXBuildFile; fileRef = FBF853E52CE267A60063FBC3 /* ViewController.swift */; };
		FBF853E92CE267A60063FBC3 /* Base in Resources */ = {isa = PBXBuildFile; fileRef = FBF853E82CE267A60063FBC3 /* Base */; };
		FBF853EB2CE267A60063FBC3 /* Assets.xcassets in Resources */ = {isa = PBXBuildFile; fileRef = FBF853EA2CE267A60063FBC3 /* Assets.xcassets */; };
		FBF853EE2CE267A60063FBC3 /* Base in Resources */ = {isa = PBXBuildFile; fileRef = FBF853ED2CE267A60063FBC3 /* Base */; };
		FBF853F92CE267A60063FBC3 /* FinalTests.swift in Sources */ = {isa = PBXBuildFile; fileRef = FBF853F82CE267A60063FBC3 /* FinalTests.swift */; };
		FBF854032CE267A60063FBC3 /* FinalUITests.swift in Sources */ = {isa = PBXBuildFile; fileRef = FBF854022CE267A60063FBC3 /* FinalUITests.swift */; };
		FBF854052CE267A60063FBC3 /* FinalUITestsLaunchTests.swift in Sources */ = {isa = PBXBuildFile; fileRef = FBF854042CE267A60063FBC3 /* FinalUITestsLaunchTests.swift */; };
		FBF854122CE26E210063FBC3 /* Constantes.swift in Sources */ = {isa = PBXBuildFile; fileRef = FBF854112CE26E210063FBC3 /* Constantes.swift */; };
		FBF854142CE2718A0063FBC3 /* Video.swift in Sources */ = {isa = PBXBuildFile; fileRef = FBF854132CE2718A0063FBC3 /* Video.swift */; };
		FBF854162CE2720C0063FBC3 /* Modelo.swift in Sources */ = {isa = PBXBuildFile; fileRef = FBF854152CE2720C0063FBC3 /* Modelo.swift */; };
/* End PBXBuildFile section */

/* Begin PBXContainerItemProxy section */
		FBF853F52CE267A60063FBC3 /* PBXContainerItemProxy */ = {
			isa = PBXContainerItemProxy;
			containerPortal = FBF853D62CE267A60063FBC3 /* Project object */;
			proxyType = 1;
			remoteGlobalIDString = FBF853DD2CE267A60063FBC3;
			remoteInfo = Final;
		};
		FBF853FF2CE267A60063FBC3 /* PBXContainerItemProxy */ = {
			isa = PBXContainerItemProxy;
			containerPortal = FBF853D62CE267A60063FBC3 /* Project object */;
			proxyType = 1;
			remoteGlobalIDString = FBF853DD2CE267A60063FBC3;
			remoteInfo = Final;
		};
/* End PBXContainerItemProxy section */

/* Begin PBXFileReference section */
		FB1DC4BB2CE5139800D47AF6 /* Respuesta.swift */ = {isa = PBXFileReference; lastKnownFileType = sourcecode.swift; path = Respuesta.swift; sourceTree = "<group>"; };
		FBF853DE2CE267A60063FBC3 /* Final.app */ = {isa = PBXFileReference; explicitFileType = wrapper.application; includeInIndex = 0; path = Final.app; sourceTree = BUILT_PRODUCTS_DIR; };
		FBF853E12CE267A60063FBC3 /* AppDelegate.swift */ = {isa = PBXFileReference; lastKnownFileType = sourcecode.swift; path = AppDelegate.swift; sourceTree = "<group>"; };
		FBF853E32CE267A60063FBC3 /* SceneDelegate.swift */ = {isa = PBXFileReference; lastKnownFileType = sourcecode.swift; path = SceneDelegate.swift; sourceTree = "<group>"; };
		FBF853E52CE267A60063FBC3 /* ViewController.swift */ = {isa = PBXFileReference; lastKnownFileType = sourcecode.swift; path = ViewController.swift; sourceTree = "<group>"; };
		FBF853E82CE267A60063FBC3 /* Base */ = {isa = PBXFileReference; lastKnownFileType = file.storyboard; name = Base; path = Base.lproj/Main.storyboard; sourceTree = "<group>"; };
		FBF853EA2CE267A60063FBC3 /* Assets.xcassets */ = {isa = PBXFileReference; lastKnownFileType = folder.assetcatalog; path = Assets.xcassets; sourceTree = "<group>"; };
		FBF853ED2CE267A60063FBC3 /* Base */ = {isa = PBXFileReference; lastKnownFileType = file.storyboard; name = Base; path = Base.lproj/LaunchScreen.storyboard; sourceTree = "<group>"; };
		FBF853EF2CE267A60063FBC3 /* Info.plist */ = {isa = PBXFileReference; lastKnownFileType = text.plist.xml; path = Info.plist; sourceTree = "<group>"; };
		FBF853F42CE267A60063FBC3 /* FinalTests.xctest */ = {isa = PBXFileReference; explicitFileType = wrapper.cfbundle; includeInIndex = 0; path = FinalTests.xctest; sourceTree = BUILT_PRODUCTS_DIR; };
		FBF853F82CE267A60063FBC3 /* FinalTests.swift */ = {isa = PBXFileReference; lastKnownFileType = sourcecode.swift; path = FinalTests.swift; sourceTree = "<group>"; };
		FBF853FE2CE267A60063FBC3 /* FinalUITests.xctest */ = {isa = PBXFileReference; explicitFileType = wrapper.cfbundle; includeInIndex = 0; path = FinalUITests.xctest; sourceTree = BUILT_PRODUCTS_DIR; };
		FBF854022CE267A60063FBC3 /* FinalUITests.swift */ = {isa = PBXFileReference; lastKnownFileType = sourcecode.swift; path = FinalUITests.swift; sourceTree = "<group>"; };
		FBF854042CE267A60063FBC3 /* FinalUITestsLaunchTests.swift */ = {isa = PBXFileReference; lastKnownFileType = sourcecode.swift; path = FinalUITestsLaunchTests.swift; sourceTree = "<group>"; };
		FBF854112CE26E210063FBC3 /* Constantes.swift */ = {isa = PBXFileReference; lastKnownFileType = sourcecode.swift; path = Constantes.swift; sourceTree = "<group>"; };
		FBF854132CE2718A0063FBC3 /* Video.swift */ = {isa = PBXFileReference; lastKnownFileType = sourcecode.swift; path = Video.swift; sourceTree = "<group>"; };
		FBF854152CE2720C0063FBC3 /* Modelo.swift */ = {isa = PBXFileReference; lastKnownFileType = sourcecode.swift; path = Modelo.swift; sourceTree = "<group>"; };
/* End PBXFileReference section */

/* Begin PBXFrameworksBuildPhase section */
		FBF853DB2CE267A60063FBC3 /* Frameworks */ = {
			isa = PBXFrameworksBuildPhase;
			buildActionMask = 2147483647;
			files = (
			);
			runOnlyForDeploymentPostprocessing = 0;
		};
		FBF853F12CE267A60063FBC3 /* Frameworks */ = {
			isa = PBXFrameworksBuildPhase;
			buildActionMask = 2147483647;
			files = (
			);
			runOnlyForDeploymentPostprocessing = 0;
		};
		FBF853FB2CE267A60063FBC3 /* Frameworks */ = {
			isa = PBXFrameworksBuildPhase;
			buildActionMask = 2147483647;
			files = (
			);
			runOnlyForDeploymentPostprocessing = 0;
		};
/* End PBXFrameworksBuildPhase section */

/* Begin PBXGroup section */
		FBF853D52CE267A60063FBC3 = {
			isa = PBXGroup;
			children = (
				FBF853E02CE267A60063FBC3 /* Final */,
				FBF853F72CE267A60063FBC3 /* FinalTests */,
				FBF854012CE267A60063FBC3 /* FinalUITests */,
				FBF853DF2CE267A60063FBC3 /* Products */,
			);
			sourceTree = "<group>";
		};
		FBF853DF2CE267A60063FBC3 /* Products */ = {
			isa = PBXGroup;
			children = (
				FBF853DE2CE267A60063FBC3 /* Final.app */,
				FBF853F42CE267A60063FBC3 /* FinalTests.xctest */,
				FBF853FE2CE267A60063FBC3 /* FinalUITests.xctest */,
			);
			name = Products;
			sourceTree = "<group>";
		};
		FBF853E02CE267A60063FBC3 /* Final */ = {
			isa = PBXGroup;
			children = (
				FBF853E12CE267A60063FBC3 /* AppDelegate.swift */,
				FBF853E32CE267A60063FBC3 /* SceneDelegate.swift */,
				FBF853E52CE267A60063FBC3 /* ViewController.swift */,
				FBF853E72CE267A60063FBC3 /* Main.storyboard */,
				FBF853EA2CE267A60063FBC3 /* Assets.xcassets */,
				FBF853EC2CE267A60063FBC3 /* LaunchScreen.storyboard */,
				FBF853EF2CE267A60063FBC3 /* Info.plist */,
				FBF854112CE26E210063FBC3 /* Constantes.swift */,
				FBF854132CE2718A0063FBC3 /* Video.swift */,
				FBF854152CE2720C0063FBC3 /* Modelo.swift */,
				FB1DC4BB2CE5139800D47AF6 /* Respuesta.swift */,
			);
			path = Final;
			sourceTree = "<group>";
		};
		FBF853F72CE267A60063FBC3 /* FinalTests */ = {
			isa = PBXGroup;
			children = (
				FBF853F82CE267A60063FBC3 /* FinalTests.swift */,
			);
			path = FinalTests;
			sourceTree = "<group>";
		};
		FBF854012CE267A60063FBC3 /* FinalUITests */ = {
			isa = PBXGroup;
			children = (
				FBF854022CE267A60063FBC3 /* FinalUITests.swift */,
				FBF854042CE267A60063FBC3 /* FinalUITestsLaunchTests.swift */,
			);
			path = FinalUITests;
			sourceTree = "<group>";
		};
/* End PBXGroup section */

/* Begin PBXNativeTarget section */
		FBF853DD2CE267A60063FBC3 /* Final */ = {
			isa = PBXNativeTarget;
			buildConfigurationList = FBF854082CE267A60063FBC3 /* Build configuration list for PBXNativeTarget "Final" */;
			buildPhases = (
				FBF853DA2CE267A60063FBC3 /* Sources */,
				FBF853DB2CE267A60063FBC3 /* Frameworks */,
				FBF853DC2CE267A60063FBC3 /* Resources */,
			);
			buildRules = (
			);
			dependencies = (
			);
			name = Final;
			productName = Final;
			productReference = FBF853DE2CE267A60063FBC3 /* Final.app */;
			productType = "com.apple.product-type.application";
		};
		FBF853F32CE267A60063FBC3 /* FinalTests */ = {
			isa = PBXNativeTarget;
			buildConfigurationList = FBF8540B2CE267A60063FBC3 /* Build configuration list for PBXNativeTarget "FinalTests" */;
			buildPhases = (
				FBF853F02CE267A60063FBC3 /* Sources */,
				FBF853F12CE267A60063FBC3 /* Frameworks */,
				FBF853F22CE267A60063FBC3 /* Resources */,
			);
			buildRules = (
			);
			dependencies = (
				FBF853F62CE267A60063FBC3 /* PBXTargetDependency */,
			);
			name = FinalTests;
			productName = FinalTests;
			productReference = FBF853F42CE267A60063FBC3 /* FinalTests.xctest */;
			productType = "com.apple.product-type.bundle.unit-test";
		};
		FBF853FD2CE267A60063FBC3 /* FinalUITests */ = {
			isa = PBXNativeTarget;
			buildConfigurationList = FBF8540E2CE267A60063FBC3 /* Build configuration list for PBXNativeTarget "FinalUITests" */;
			buildPhases = (
				FBF853FA2CE267A60063FBC3 /* Sources */,
				FBF853FB2CE267A60063FBC3 /* Frameworks */,
				FBF853FC2CE267A60063FBC3 /* Resources */,
			);
			buildRules = (
			);
			dependencies = (
				FBF854002CE267A60063FBC3 /* PBXTargetDependency */,
			);
			name = FinalUITests;
			productName = FinalUITests;
			productReference = FBF853FE2CE267A60063FBC3 /* FinalUITests.xctest */;
			productType = "com.apple.product-type.bundle.ui-testing";
		};
/* End PBXNativeTarget section */

/* Begin PBXProject section */
		FBF853D62CE267A60063FBC3 /* Project object */ = {
			isa = PBXProject;
			attributes = {
				BuildIndependentTargetsInParallel = 1;
				LastSwiftUpdateCheck = 1540;
				LastUpgradeCheck = 1540;
				TargetAttributes = {
					FBF853DD2CE267A60063FBC3 = {
						CreatedOnToolsVersion = 15.4;
					};
					FBF853F32CE267A60063FBC3 = {
						CreatedOnToolsVersion = 15.4;
						TestTargetID = FBF853DD2CE267A60063FBC3;
					};
					FBF853FD2CE267A60063FBC3 = {
						CreatedOnToolsVersion = 15.4;
						TestTargetID = FBF853DD2CE267A60063FBC3;
					};
				};
			};
			buildConfigurationList = FBF853D92CE267A60063FBC3 /* Build configuration list for PBXProject "Final" */;
			compatibilityVersion = "Xcode 14.0";
			developmentRegion = en;
			hasScannedForEncodings = 0;
			knownRegions = (
				en,
				Base,
			);
			mainGroup = FBF853D52CE267A60063FBC3;
			productRefGroup = FBF853DF2CE267A60063FBC3 /* Products */;
			projectDirPath = "";
			projectRoot = "";
			targets = (
				FBF853DD2CE267A60063FBC3 /* Final */,
				FBF853F32CE267A60063FBC3 /* FinalTests */,
				FBF853FD2CE267A60063FBC3 /* FinalUITests */,
			);
		};
/* End PBXProject section */

/* Begin PBXResourcesBuildPhase section */
		FBF853DC2CE267A60063FBC3 /* Resources */ = {
			isa = PBXResourcesBuildPhase;
			buildActionMask = 2147483647;
			files = (
				FBF853EB2CE267A60063FBC3 /* Assets.xcassets in Resources */,
				FBF853EE2CE267A60063FBC3 /* Base in Resources */,
				FBF853E92CE267A60063FBC3 /* Base in Resources */,
			);
			runOnlyForDeploymentPostprocessing = 0;
		};
		FBF853F22CE267A60063FBC3 /* Resources */ = {
			isa = PBXResourcesBuildPhase;
			buildActionMask = 2147483647;
			files = (
			);
			runOnlyForDeploymentPostprocessing = 0;
		};
		FBF853FC2CE267A60063FBC3 /* Resources */ = {
			isa = PBXResourcesBuildPhase;
			buildActionMask = 2147483647;
			files = (
			);
			runOnlyForDeploymentPostprocessing = 0;
		};
/* End PBXResourcesBuildPhase section */

/* Begin PBXSourcesBuildPhase section */
		FBF853DA2CE267A60063FBC3 /* Sources */ = {
			isa = PBXSourcesBuildPhase;
			buildActionMask = 2147483647;
			files = (
				FBF853E62CE267A60063FBC3 /* ViewController.swift in Sources */,
				FBF854122CE26E210063FBC3 /* Constantes.swift in Sources */,
				FB1DC4BC2CE5139800D47AF6 /* Respuesta.swift in Sources */,
				FBF853E22CE267A60063FBC3 /* AppDelegate.swift in Sources */,
				FBF854162CE2720C0063FBC3 /* Modelo.swift in Sources */,
				FBF853E42CE267A60063FBC3 /* SceneDelegate.swift in Sources */,
				FBF854142CE2718A0063FBC3 /* Video.swift in Sources */,
			);
			runOnlyForDeploymentPostprocessing = 0;
		};
		FBF853F02CE267A60063FBC3 /* Sources */ = {
			isa = PBXSourcesBuildPhase;
			buildActionMask = 2147483647;
			files = (
				FBF853F92CE267A60063FBC3 /* FinalTests.swift in Sources */,
			);
			runOnlyForDeploymentPostprocessing = 0;
		};
		FBF853FA2CE267A60063FBC3 /* Sources */ = {
			isa = PBXSourcesBuildPhase;
			buildActionMask = 2147483647;
			files = (
				FBF854032CE267A60063FBC3 /* FinalUITests.swift in Sources */,
				FBF854052CE267A60063FBC3 /* FinalUITestsLaunchTests.swift in Sources */,
			);
			runOnlyForDeploymentPostprocessing = 0;
		};
/* End PBXSourcesBuildPhase section */

/* Begin PBXTargetDependency section */
		FBF853F62CE267A60063FBC3 /* PBXTargetDependency */ = {
			isa = PBXTargetDependency;
			target = FBF853DD2CE267A60063FBC3 /* Final */;
			targetProxy = FBF853F52CE267A60063FBC3 /* PBXContainerItemProxy */;
		};
		FBF854002CE267A60063FBC3 /* PBXTargetDependency */ = {
			isa = PBXTargetDependency;
			target = FBF853DD2CE267A60063FBC3 /* Final */;
			targetProxy = FBF853FF2CE267A60063FBC3 /* PBXContainerItemProxy */;
		};
/* End PBXTargetDependency section */

/* Begin PBXVariantGroup section */
		FBF853E72CE267A60063FBC3 /* Main.storyboard */ = {
			isa = PBXVariantGroup;
			children = (
				FBF853E82CE267A60063FBC3 /* Base */,
			);
			name = Main.storyboard;
			sourceTree = "<group>";
		};
		FBF853EC2CE267A60063FBC3 /* LaunchScreen.storyboard */ = {
			isa = PBXVariantGroup;
			children = (
				FBF853ED2CE267A60063FBC3 /* Base */,
			);
			name = LaunchScreen.storyboard;
			sourceTree = "<group>";
		};
/* End PBXVariantGroup section */

/* Begin XCBuildConfiguration section */
		FBF854062CE267A60063FBC3 /* Debug */ = {
			isa = XCBuildConfiguration;
			buildSettings = {
				ALWAYS_SEARCH_USER_PATHS = NO;
				ASSETCATALOG_COMPILER_GENERATE_SWIFT_ASSET_SYMBOL_EXTENSIONS = YES;
				CLANG_ANALYZER_NONNULL = YES;
				CLANG_ANALYZER_NUMBER_OBJECT_CONVERSION = YES_AGGRESSIVE;
				CLANG_CXX_LANGUAGE_STANDARD = "gnu++20";
				CLANG_ENABLE_MODULES = YES;
				CLANG_ENABLE_OBJC_ARC = YES;
				CLANG_ENABLE_OBJC_WEAK = YES;
				CLANG_WARN_BLOCK_CAPTURE_AUTORELEASING = YES;
				CLANG_WARN_BOOL_CONVERSION = YES;
				CLANG_WARN_COMMA = YES;
				CLANG_WARN_CONSTANT_CONVERSION = YES;
				CLANG_WARN_DEPRECATED_OBJC_IMPLEMENTATIONS = YES;
				CLANG_WARN_DIRECT_OBJC_ISA_USAGE = YES_ERROR;
				CLANG_WARN_DOCUMENTATION_COMMENTS = YES;
				CLANG_WARN_EMPTY_BODY = YES;
				CLANG_WARN_ENUM_CONVERSION = YES;
				CLANG_WARN_INFINITE_RECURSION = YES;
				CLANG_WARN_INT_CONVERSION = YES;
				CLANG_WARN_NON_LITERAL_NULL_CONVERSION = YES;
				CLANG_WARN_OBJC_IMPLICIT_RETAIN_SELF = YES;
				CLANG_WARN_OBJC_LITERAL_CONVERSION = YES;
				CLANG_WARN_OBJC_ROOT_CLASS = YES_ERROR;
				CLANG_WARN_QUOTED_INCLUDE_IN_FRAMEWORK_HEADER = YES;
				CLANG_WARN_RANGE_LOOP_ANALYSIS = YES;
				CLANG_WARN_STRICT_PROTOTYPES = YES;
				CLANG_WARN_SUSPICIOUS_MOVE = YES;
				CLANG_WARN_UNGUARDED_AVAILABILITY = YES_AGGRESSIVE;
				CLANG_WARN_UNREACHABLE_CODE = YES;
				CLANG_WARN__DUPLICATE_METHOD_MATCH = YES;
				COPY_PHASE_STRIP = NO;
				DEBUG_INFORMATION_FORMAT = dwarf;
				ENABLE_STRICT_OBJC_MSGSEND = YES;
				ENABLE_TESTABILITY = YES;
				ENABLE_USER_SCRIPT_SANDBOXING = YES;
				GCC_C_LANGUAGE_STANDARD = gnu17;
				GCC_DYNAMIC_NO_PIC = NO;
				GCC_NO_COMMON_BLOCKS = YES;
				GCC_OPTIMIZATION_LEVEL = 0;
				GCC_PREPROCESSOR_DEFINITIONS = (
					"DEBUG=1",
					"$(inherited)",
				);
				GCC_WARN_64_TO_32_BIT_CONVERSION = YES;
				GCC_WARN_ABOUT_RETURN_TYPE = YES_ERROR;
				GCC_WARN_UNDECLARED_SELECTOR = YES;
				GCC_WARN_UNINITIALIZED_AUTOS = YES_AGGRESSIVE;
				GCC_WARN_UNUSED_FUNCTION = YES;
				GCC_WARN_UNUSED_VARIABLE = YES;
				IPHONEOS_DEPLOYMENT_TARGET = 17.5;
				LOCALIZATION_PREFERS_STRING_CATALOGS = YES;
				MTL_ENABLE_DEBUG_INFO = INCLUDE_SOURCE;
				MTL_FAST_MATH = YES;
				ONLY_ACTIVE_ARCH = YES;
				SDKROOT = iphoneos;
				SWIFT_ACTIVE_COMPILATION_CONDITIONS = "DEBUG $(inherited)";
				SWIFT_OPTIMIZATION_LEVEL = "-Onone";
			};
			name = Debug;
		};
		FBF854072CE267A60063FBC3 /* Release */ = {
			isa = XCBuildConfiguration;
			buildSettings = {
				ALWAYS_SEARCH_USER_PATHS = NO;
				ASSETCATALOG_COMPILER_GENERATE_SWIFT_ASSET_SYMBOL_EXTENSIONS = YES;
				CLANG_ANALYZER_NONNULL = YES;
				CLANG_ANALYZER_NUMBER_OBJECT_CONVERSION = YES_AGGRESSIVE;
				CLANG_CXX_LANGUAGE_STANDARD = "gnu++20";
				CLANG_ENABLE_MODULES = YES;
				CLANG_ENABLE_OBJC_ARC = YES;
				CLANG_ENABLE_OBJC_WEAK = YES;
				CLANG_WARN_BLOCK_CAPTURE_AUTORELEASING = YES;
				CLANG_WARN_BOOL_CONVERSION = YES;
				CLANG_WARN_COMMA = YES;
				CLANG_WARN_CONSTANT_CONVERSION = YES;
				CLANG_WARN_DEPRECATED_OBJC_IMPLEMENTATIONS = YES;
				CLANG_WARN_DIRECT_OBJC_ISA_USAGE = YES_ERROR;
				CLANG_WARN_DOCUMENTATION_COMMENTS = YES;
				CLANG_WARN_EMPTY_BODY = YES;
				CLANG_WARN_ENUM_CONVERSION = YES;
				CLANG_WARN_INFINITE_RECURSION = YES;
				CLANG_WARN_INT_CONVERSION = YES;
				CLANG_WARN_NON_LITERAL_NULL_CONVERSION = YES;
				CLANG_WARN_OBJC_IMPLICIT_RETAIN_SELF = YES;
				CLANG_WARN_OBJC_LITERAL_CONVERSION = YES;
				CLANG_WARN_OBJC_ROOT_CLASS = YES_ERROR;
				CLANG_WARN_QUOTED_INCLUDE_IN_FRAMEWORK_HEADER = YES;
				CLANG_WARN_RANGE_LOOP_ANALYSIS = YES;
				CLANG_WARN_STRICT_PROTOTYPES = YES;
				CLANG_WARN_SUSPICIOUS_MOVE = YES;
				CLANG_WARN_UNGUARDED_AVAILABILITY = YES_AGGRESSIVE;
				CLANG_WARN_UNREACHABLE_CODE = YES;
				CLANG_WARN__DUPLICATE_METHOD_MATCH = YES;
				COPY_PHASE_STRIP = NO;
				DEBUG_INFORMATION_FORMAT = "dwarf-with-dsym";
				ENABLE_NS_ASSERTIONS = NO;
				ENABLE_STRICT_OBJC_MSGSEND = YES;
				ENABLE_USER_SCRIPT_SANDBOXING = YES;
				GCC_C_LANGUAGE_STANDARD = gnu17;
				GCC_NO_COMMON_BLOCKS = YES;
				GCC_WARN_64_TO_32_BIT_CONVERSION = YES;
				GCC_WARN_ABOUT_RETURN_TYPE = YES_ERROR;
				GCC_WARN_UNDECLARED_SELECTOR = YES;
				GCC_WARN_UNINITIALIZED_AUTOS = YES_AGGRESSIVE;
				GCC_WARN_UNUSED_FUNCTION = YES;
				GCC_WARN_UNUSED_VARIABLE = YES;
				IPHONEOS_DEPLOYMENT_TARGET = 17.5;
				LOCALIZATION_PREFERS_STRING_CATALOGS = YES;
				MTL_ENABLE_DEBUG_INFO = NO;
				MTL_FAST_MATH = YES;
				SDKROOT = iphoneos;
				SWIFT_COMPILATION_MODE = wholemodule;
				VALIDATE_PRODUCT = YES;
			};
			name = Release;
		};
		FBF854092CE267A60063FBC3 /* Debug */ = {
			isa = XCBuildConfiguration;
			buildSettings = {
				ASSETCATALOG_COMPILER_APPICON_NAME = AppIcon;
				ASSETCATALOG_COMPILER_GLOBAL_ACCENT_COLOR_NAME = AccentColor;
				CODE_SIGN_STYLE = Automatic;
				CURRENT_PROJECT_VERSION = 1;
				GENERATE_INFOPLIST_FILE = YES;
				INFOPLIST_FILE = Final/Info.plist;
				INFOPLIST_KEY_UIApplicationSupportsIndirectInputEvents = YES;
				INFOPLIST_KEY_UILaunchStoryboardName = LaunchScreen;
				INFOPLIST_KEY_UIMainStoryboardFile = Main;
				INFOPLIST_KEY_UISupportedInterfaceOrientations_iPad = "UIInterfaceOrientationPortrait UIInterfaceOrientationPortraitUpsideDown UIInterfaceOrientationLandscapeLeft UIInterfaceOrientationLandscapeRight";
				INFOPLIST_KEY_UISupportedInterfaceOrientations_iPhone = "UIInterfaceOrientationPortrait UIInterfaceOrientationLandscapeLeft UIInterfaceOrientationLandscapeRight";
				LD_RUNPATH_SEARCH_PATHS = (
					"$(inherited)",
					"@executable_path/Frameworks",
				);
				MARKETING_VERSION = 1.0;
				PRODUCT_BUNDLE_IDENTIFIER = "mx.uacj.calculadora-Lola.Final";
				PRODUCT_NAME = "$(TARGET_NAME)";
				SWIFT_EMIT_LOC_STRINGS = YES;
				SWIFT_VERSION = 5.0;
				TARGETED_DEVICE_FAMILY = "1,2";
			};
			name = Debug;
		};
		FBF8540A2CE267A60063FBC3 /* Release */ = {
			isa = XCBuildConfiguration;
			buildSettings = {
				ASSETCATALOG_COMPILER_APPICON_NAME = AppIcon;
				ASSETCATALOG_COMPILER_GLOBAL_ACCENT_COLOR_NAME = AccentColor;
				CODE_SIGN_STYLE = Automatic;
				CURRENT_PROJECT_VERSION = 1;
				GENERATE_INFOPLIST_FILE = YES;
				INFOPLIST_FILE = Final/Info.plist;
				INFOPLIST_KEY_UIApplicationSupportsIndirectInputEvents = YES;
				INFOPLIST_KEY_UILaunchStoryboardName = LaunchScreen;
				INFOPLIST_KEY_UIMainStoryboardFile = Main;
				INFOPLIST_KEY_UISupportedInterfaceOrientations_iPad = "UIInterfaceOrientationPortrait UIInterfaceOrientationPortraitUpsideDown UIInterfaceOrientationLandscapeLeft UIInterfaceOrientationLandscapeRight";
				INFOPLIST_KEY_UISupportedInterfaceOrientations_iPhone = "UIInterfaceOrientationPortrait UIInterfaceOrientationLandscapeLeft UIInterfaceOrientationLandscapeRight";
				LD_RUNPATH_SEARCH_PATHS = (
					"$(inherited)",
					"@executable_path/Frameworks",
				);
				MARKETING_VERSION = 1.0;
				PRODUCT_BUNDLE_IDENTIFIER = "mx.uacj.calculadora-Lola.Final";
				PRODUCT_NAME = "$(TARGET_NAME)";
				SWIFT_EMIT_LOC_STRINGS = YES;
				SWIFT_VERSION = 5.0;
				TARGETED_DEVICE_FAMILY = "1,2";
			};
			name = Release;
		};
		FBF8540C2CE267A60063FBC3 /* Debug */ = {
			isa = XCBuildConfiguration;
			buildSettings = {
				ALWAYS_EMBED_SWIFT_STANDARD_LIBRARIES = YES;
				BUNDLE_LOADER = "$(TEST_HOST)";
				CODE_SIGN_STYLE = Automatic;
				CURRENT_PROJECT_VERSION = 1;
				GENERATE_INFOPLIST_FILE = YES;
				IPHONEOS_DEPLOYMENT_TARGET = 17.5;
				MARKETING_VERSION = 1.0;
				PRODUCT_BUNDLE_IDENTIFIER = "mx.uacj.calculadora-Lola.FinalTests";
				PRODUCT_NAME = "$(TARGET_NAME)";
				SWIFT_EMIT_LOC_STRINGS = NO;
				SWIFT_VERSION = 5.0;
				TARGETED_DEVICE_FAMILY = "1,2";
				TEST_HOST = "$(BUILT_PRODUCTS_DIR)/Final.app/$(BUNDLE_EXECUTABLE_FOLDER_PATH)/Final";
			};
			name = Debug;
		};
		FBF8540D2CE267A60063FBC3 /* Release */ = {
			isa = XCBuildConfiguration;
			buildSettings = {
				ALWAYS_EMBED_SWIFT_STANDARD_LIBRARIES = YES;
				BUNDLE_LOADER = "$(TEST_HOST)";
				CODE_SIGN_STYLE = Automatic;
				CURRENT_PROJECT_VERSION = 1;
				GENERATE_INFOPLIST_FILE = YES;
				IPHONEOS_DEPLOYMENT_TARGET = 17.5;
				MARKETING_VERSION = 1.0;
				PRODUCT_BUNDLE_IDENTIFIER = "mx.uacj.calculadora-Lola.FinalTests";
				PRODUCT_NAME = "$(TARGET_NAME)";
				SWIFT_EMIT_LOC_STRINGS = NO;
				SWIFT_VERSION = 5.0;
				TARGETED_DEVICE_FAMILY = "1,2";
				TEST_HOST = "$(BUILT_PRODUCTS_DIR)/Final.app/$(BUNDLE_EXECUTABLE_FOLDER_PATH)/Final";
			};
			name = Release;
		};
		FBF8540F2CE267A60063FBC3 /* Debug */ = {
			isa = XCBuildConfiguration;
			buildSettings = {
				ALWAYS_EMBED_SWIFT_STANDARD_LIBRARIES = YES;
				CODE_SIGN_STYLE = Automatic;
				CURRENT_PROJECT_VERSION = 1;
				GENERATE_INFOPLIST_FILE = YES;
				MARKETING_VERSION = 1.0;
				PRODUCT_BUNDLE_IDENTIFIER = "mx.uacj.calculadora-Lola.FinalUITests";
				PRODUCT_NAME = "$(TARGET_NAME)";
				SWIFT_EMIT_LOC_STRINGS = NO;
				SWIFT_VERSION = 5.0;
				TARGETED_DEVICE_FAMILY = "1,2";
				TEST_TARGET_NAME = Final;
			};
			name = Debug;
		};
		FBF854102CE267A60063FBC3 /* Release */ = {
			isa = XCBuildConfiguration;
			buildSettings = {
				ALWAYS_EMBED_SWIFT_STANDARD_LIBRARIES = YES;
				CODE_SIGN_STYLE = Automatic;
				CURRENT_PROJECT_VERSION = 1;
				GENERATE_INFOPLIST_FILE = YES;
				MARKETING_VERSION = 1.0;
				PRODUCT_BUNDLE_IDENTIFIER = "mx.uacj.calculadora-Lola.FinalUITests";
				PRODUCT_NAME = "$(TARGET_NAME)";
				SWIFT_EMIT_LOC_STRINGS = NO;
				SWIFT_VERSION = 5.0;
				TARGETED_DEVICE_FAMILY = "1,2";
				TEST_TARGET_NAME = Final;
			};
			name = Release;
		};
/* End XCBuildConfiguration section */

/* Begin XCConfigurationList section */
		FBF853D92CE267A60063FBC3 /* Build configuration list for PBXProject "Final" */ = {
			isa = XCConfigurationList;
			buildConfigurations = (
				FBF854062CE267A60063FBC3 /* Debug */,
				FBF854072CE267A60063FBC3 /* Release */,
			);
			defaultConfigurationIsVisible = 0;
			defaultConfigurationName = Release;
		};
		FBF854082CE267A60063FBC3 /* Build configuration list for PBXNativeTarget "Final" */ = {
			isa = XCConfigurationList;
			buildConfigurations = (
				FBF854092CE267A60063FBC3 /* Debug */,
				FBF8540A2CE267A60063FBC3 /* Release */,
			);
			defaultConfigurationIsVisible = 0;
			defaultConfigurationName = Release;
		};
		FBF8540B2CE267A60063FBC3 /* Build configuration list for PBXNativeTarget "FinalTests" */ = {
			isa = XCConfigurationList;
			buildConfigurations = (
				FBF8540C2CE267A60063FBC3 /* Debug */,
				FBF8540D2CE267A60063FBC3 /* Release */,
			);
			defaultConfigurationIsVisible = 0;
			defaultConfigurationName = Release;
		};
		FBF8540E2CE267A60063FBC3 /* Build configuration list for PBXNativeTarget "FinalUITests" */ = {
			isa = XCConfigurationList;
			buildConfigurations = (
				FBF8540F2CE267A60063FBC3 /* Debug */,
				FBF854102CE267A60063FBC3 /* Release */,
			);
			defaultConfigurationIsVisible = 0;
			defaultConfigurationName = Release;
		};
/* End XCConfigurationList section */
	};
	rootObject = FBF853D62CE267A60063FBC3 /* Project object */;
}
